// !$*UTF8*$!
{
"archiveVersion" = 1;
"classes" = {
};
"objectVersion" = 56;
"objects" = {
"F104CC17CA1A3756CCC70954" = {
"isa" = "XCLocalSwiftPackageReference";
"relativePath" = "../../packages/juxi-swiftui";
};
"0242EC8720DFBE5729C325A3" = {
"isa" = "PBXFileReference";
"lastKnownFileType" = "sourcecode.swift";
"path" = "API.swift";
"sourceTree" = "<group>";
};
"9CFC176D1E22586F66AA0FCA" = {
"isa" = "PBXBuildFile";
"fileRef" = "0242EC8720DFBE5729C325A3";
};
"EB2F775C8367B59AF7278F0F" = {
"isa" = "PBXFileReference";
"lastKnownFileType" = "sourcecode.swift";
"path" = "AgentManagementCoding.swift";
"sourceTree" = "<group>";
};
"4E7CF77CA7387969D6A65CB5" = {
"isa" = "PBXBuildFile";
"fileRef" = "EB2F775C8367B59AF7278F0F";
};
"173EB69ACDB2FB58BA79A926" = {
"isa" = "PBXFileReference";
"lastKnownFileType" = "sourcecode.swift";
"path" = "AgentManagementIdentity.swift";
"sourceTree" = "<group>";
};
"BC6D4BE26972EBAFA4197159" = {
"isa" = "PBXBuildFile";
"fileRef" = "173EB69ACDB2FB58BA79A926";
};
"B0E6101AA95AB2A48FD7E4ED" = {
"isa" = "PBXFileReference";
"lastKnownFileType" = "sourcecode.swift";
"path" = "AgentManagementModel.swift";
"sourceTree" = "<group>";
};
"45C4751B1662D2CDD6A29189" = {
"isa" = "PBXBuildFile";
"fileRef" = "B0E6101AA95AB2A48FD7E4ED";
};
"ED5E28484F15778915F59081" = {
"isa" = "PBXFileReference";
"lastKnownFileType" = "sourcecode.swift";
"path" = "AgentManagementViews.swift";
"sourceTree" = "<group>";
};
"2C392A45DA9E0DEA8610057C" = {
"isa" = "PBXBuildFile";
"fileRef" = "ED5E28484F15778915F59081";
};
"6C0E4BDA53D93D68C303E46F" = {
"isa" = "PBXFileReference";
"lastKnownFileType" = "sourcecode.swift";
"path" = "AgentWorkspaceView.swift";
"sourceTree" = "<group>";
};
"58F6F14296ED8C290748C0B7" = {
"isa" = "PBXBuildFile";
"fileRef" = "6C0E4BDA53D93D68C303E46F";
};
"0D6500C16CCA7FDEB4BD8D6C" = {
"isa" = "PBXFileReference";
"lastKnownFileType" = "sourcecode.swift";
"path" = "AgentsView.swift";
"sourceTree" = "<group>";
};
"78F22E3BFD1841BD48301211" = {
"isa" = "PBXBuildFile";
"fileRef" = "0D6500C16CCA7FDEB4BD8D6C";
};
"3D7849101FBA8E37280E9931" = {
"isa" = "PBXFileReference";
"lastKnownFileType" = "sourcecode.swift";
"path" = "AppNotifications.swift";
"sourceTree" = "<group>";
};
"4A053046277EC2616E82CB52" = {
"isa" = "PBXBuildFile";
"fileRef" = "3D7849101FBA8E37280E9931";
};
"B177C180987118DBA3864C5E" = {
"isa" = "PBXFileReference";
"lastKnownFileType" = "sourcecode.swift";
"path" = "Appearance.swift";
"sourceTree" = "<group>";
};
"858EAC443D50379D91460712" = {
"isa" = "PBXBuildFile";
"fileRef" = "B177C180987118DBA3864C5E";
};
"C71C43E7438C8304B3F699DE" = {
"isa" = "PBXFileReference";
"lastKnownFileType" = "sourcecode.swift";
"path" = "ApprovalView.swift";
"sourceTree" = "<group>";
};
"01A59B5FA94A04A8AA2DC395" = {
"isa" = "PBXBuildFile";
"fileRef" = "C71C43E7438C8304B3F699DE";
};
"544C1FF70418A3A29FB0318F" = {
"isa" = "PBXFileReference";
"lastKnownFileType" = "sourcecode.swift";
"path" = "AutomationsModel.swift";
"sourceTree" = "<group>";
};
"22607283AC490053FFA48BF4" = {
"isa" = "PBXBuildFile";
"fileRef" = "544C1FF70418A3A29FB0318F";
};
"4A0D8E9F36A752BD559F53FB" = {
"isa" = "PBXFileReference";
"lastKnownFileType" = "sourcecode.swift";
"path" = "AutomationsView.swift";
"sourceTree" = "<group>";
};
"EE04D082C7CE616AA48483FB" = {
"isa" = "PBXBuildFile";
"fileRef" = "4A0D8E9F36A752BD559F53FB";
};
"B262023F039DEB9ED3AAE72F" = {
"isa" = "PBXFileReference";
"lastKnownFileType" = "sourcecode.swift";
"path" = "ChatDashboards.swift";
"sourceTree" = "<group>";
};
"FC3A90BEBA6FD341AC20FDE0" = {
"isa" = "PBXBuildFile";
"fileRef" = "B262023F039DEB9ED3AAE72F";
};
"CB92171FCFC728DB913B1F99" = {
"isa" = "PBXFileReference";
"lastKnownFileType" = "sourcecode.swift";
"path" = "CodexConnectionView.swift";
"sourceTree" = "<group>";
};
"34297B4A5DAD5EC02EA8CF47" = {
"isa" = "PBXBuildFile";
"fileRef" = "CB92171FCFC728DB913B1F99";
};
"37DE89CDB8957558E1320FB4" = {
"isa" = "PBXFileReference";
"lastKnownFileType" = "sourcecode.swift";
"path" = "CodingJobsView.swift";
"sourceTree" = "<group>";
};
"4B67679A7C8D8544EFFCB047" = {
"isa" = "PBXBuildFile";
"fileRef" = "37DE89CDB8957558E1320FB4";
};
"2F4DE9FC4FE37616CBB166F9" = {
"isa" = "PBXFileReference";
"lastKnownFileType" = "sourcecode.swift";
"path" = "CodingModel.swift";
"sourceTree" = "<group>";
};
"CED7D1F857406AF653474AD0" = {
"isa" = "PBXBuildFile";
"fileRef" = "2F4DE9FC4FE37616CBB166F9";
};
"FF362BB3CB915FB8BD23BB68" = {
"isa" = "PBXFileReference";
"lastKnownFileType" = "sourcecode.swift";
"path" = "ComputerView.swift";
"sourceTree" = "<group>";
};
"903C95CEBE6DA4219DAE81E0" = {
"isa" = "PBXBuildFile";
"fileRef" = "FF362BB3CB915FB8BD23BB68";
};
"ACCB7F67105751C45E3344A1" = {
"isa" = "PBXFileReference";
"lastKnownFileType" = "sourcecode.swift";
"path" = "ConnectView.swift";
"sourceTree" = "<group>";
};
"50D0EBA343DBB24481A84CB7" = {
"isa" = "PBXBuildFile";
"fileRef" = "ACCB7F67105751C45E3344A1";
};
"83C90CA28DCDDB80722A8367" = {
"isa" = "PBXFileReference";
"lastKnownFileType" = "sourcecode.swift";
"path" = "ConversationModel.swift";
"sourceTree" = "<group>";
};
"DE7CF508D02BABE8D28EF1DA" = {
"isa" = "PBXBuildFile";
"fileRef" = "83C90CA28DCDDB80722A8367";
};
"8163FF0F0BA77B47394F7CE4" = {
"isa" = "PBXFileReference";
"lastKnownFileType" = "sourcecode.swift";
"path" = "ConversationView.swift";
"sourceTree" = "<group>";
};
"DEC727A487A339EE67920BF4" = {
"isa" = "PBXBuildFile";
"fileRef" = "8163FF0F0BA77B47394F7CE4";
};
"822CC0B452390E5289AA73CA" = {
"isa" = "PBXFileReference";
"lastKnownFileType" = "sourcecode.swift";
"path" = "DashboardTrackers.swift";
"sourceTree" = "<group>";
};
"7CAE264626E72A1C91B7E7DC" = {
"isa" = "PBXBuildFile";
"fileRef" = "822CC0B452390E5289AA73CA";
};
"87823F0DACE8A5510FEF2571" = {
"isa" = "PBXFileReference";
"lastKnownFileType" = "sourcecode.swift";
"path" = "DashboardView.swift";
"sourceTree" = "<group>";
};
"A7DF73D10DF3C1908D9E336D" = {
"isa" = "PBXBuildFile";
"fileRef" = "87823F0DACE8A5510FEF2571";
};
"B0755A8D72889B8480C23DD7" = {
"isa" = "PBXFileReference";
"lastKnownFileType" = "sourcecode.swift";
"path" = "DashboardWeather.swift";
"sourceTree" = "<group>";
};
"1F2DE2A3BD0D3DD5B676FB5C" = {
"isa" = "PBXBuildFile";
"fileRef" = "B0755A8D72889B8480C23DD7";
};
"6C05DBF56385767C0646DE92" = {
"isa" = "PBXFileReference";
"lastKnownFileType" = "sourcecode.swift";
"path" = "Drafts.swift";
"sourceTree" = "<group>";
};
"F70F6009C81A876DEFC43289" = {
"isa" = "PBXBuildFile";
"fileRef" = "6C05DBF56385767C0646DE92";
};
"75338C0019209B7C9CD8B50F" = {
"isa" = "PBXFileReference";
"lastKnownFileType" = "sourcecode.swift";
"path" = "FeedModels.swift";
"sourceTree" = "<group>";
};
"FDC57B3E8AB9BA5F3E76DEB0" = {
"isa" = "PBXBuildFile";
"fileRef" = "75338C0019209B7C9CD8B50F";
};
"61AA3992CDC9BEE7888B87B2" = {
"isa" = "PBXFileReference";
"lastKnownFileType" = "sourcecode.swift";
"path" = "FeedPreferencesView.swift";
"sourceTree" = "<group>";
};
"46FF2CD9F1BD5EDB68EB357C" = {
"isa" = "PBXBuildFile";
"fileRef" = "61AA3992CDC9BEE7888B87B2";
};
"AD441FE54F866377488E1654" = {
"isa" = "PBXFileReference";
"lastKnownFileType" = "sourcecode.swift";
"path" = "FeedView.swift";
"sourceTree" = "<group>";
};
"7D03324760E7768A6E93D8D4" = {
"isa" = "PBXBuildFile";
"fileRef" = "AD441FE54F866377488E1654";
};
"1CE636781E1E81E86D3E06E8" = {
"isa" = "PBXFileReference";
"lastKnownFileType" = "sourcecode.swift";
"path" = "ImageAttachmentView.swift";
"sourceTree" = "<group>";
};
"1BE981DF59176156F75D8C07" = {
"isa" = "PBXBuildFile";
"fileRef" = "1CE636781E1E81E86D3E06E8";
};
"33047EAE7C5092CF19405559" = {
"isa" = "PBXFileReference";
"lastKnownFileType" = "sourcecode.swift";
"path" = "JuxiCodingHandoff.swift";
"sourceTree" = "<group>";
};
"5354CAF8B9C686300AC8339F" = {
"isa" = "PBXBuildFile";
"fileRef" = "33047EAE7C5092CF19405559";
};
"FE880A7738E0CA6B54738BB7" = {
"isa" = "PBXFileReference";
"lastKnownFileType" = "sourcecode.swift";
"path" = "JuxiDashboard.swift";
"sourceTree" = "<group>";
};
"20858A837557757EA5F62027" = {
"isa" = "PBXBuildFile";
"fileRef" = "FE880A7738E0CA6B54738BB7";
};
"8BA3EA35E4AAF2A680410FAA" = {
"isa" = "PBXFileReference";
"lastKnownFileType" = "sourcecode.swift";
"path" = "JuxiDashboardModel.swift";
"sourceTree" = "<group>";
};
"5633041011FB5E27DF9BC46D" = {
"isa" = "PBXBuildFile";
"fileRef" = "8BA3EA35E4AAF2A680410FAA";
};
"65BD8C2BD5B2A3DFF6620CDC" = {
"isa" = "PBXFileReference";
"lastKnownFileType" = "sourcecode.swift";
"path" = "MarkdownText.swift";
"sourceTree" = "<group>";
};
"4F1C33237AFCBD0ADCCFDD56" = {
"isa" = "PBXBuildFile";
"fileRef" = "65BD8C2BD5B2A3DFF6620CDC";
};
"254EED5C0FDFFA04D0B050D4" = {
"isa" = "PBXFileReference";
"lastKnownFileType" = "sourcecode.swift";
"path" = "MessageView.swift";
"sourceTree" = "<group>";
};
"CCD7EEF0834535CB03DD4AA8" = {
"isa" = "PBXBuildFile";
"fileRef" = "254EED5C0FDFFA04D0B050D4";
};
"9F91C844D2CAF82CAD1DDF2B" = {
"isa" = "PBXFileReference";
"lastKnownFileType" = "sourcecode.swift";
"path" = "Models.swift";
"sourceTree" = "<group>";
};
"92F93B434B15EFA841DEBB4E" = {
"isa" = "PBXBuildFile";
"fileRef" = "9F91C844D2CAF82CAD1DDF2B";
};
"7A4584C7BD87E7B62B7FE6B0" = {
"isa" = "PBXFileReference";
"lastKnownFileType" = "sourcecode.swift";
"path" = "Motion.swift";
"sourceTree" = "<group>";
};
"AB68B9F6A75330C25E587E2A" = {
"isa" = "PBXBuildFile";
"fileRef" = "7A4584C7BD87E7B62B7FE6B0";
};
"93CDCCC7E6111433E621A4BD" = {
"isa" = "PBXFileReference";
"lastKnownFileType" = "sourcecode.swift";
"path" = "NoteCanvas.swift";
"sourceTree" = "<group>";
};
"8941A046D38AFF9BFD93971C" = {
"isa" = "PBXBuildFile";
"fileRef" = "93CDCCC7E6111433E621A4BD";
};
"9B7DB3BC2F6B9F6DABC96EC9" = {
"isa" = "PBXFileReference";
"lastKnownFileType" = "sourcecode.swift";
"path" = "NoteDocument.swift";
"sourceTree" = "<group>";
};
"1AF86F170BFED2DDB05E6115" = {
"isa" = "PBXBuildFile";
"fileRef" = "9B7DB3BC2F6B9F6DABC96EC9";
};
"B00C088B43E8E6F1CD022128" = {
"isa" = "PBXFileReference";
"lastKnownFileType" = "sourcecode.swift";
"path" = "NoteModels.swift";
"sourceTree" = "<group>";
};
"0BAE4E29C3BFD0EDF4D203BE" = {
"isa" = "PBXBuildFile";
"fileRef" = "B00C088B43E8E6F1CD022128";
};
"80D3ADCA6CB5A3A5F83775FD" = {
"isa" = "PBXFileReference";
"lastKnownFileType" = "sourcecode.swift";
"path" = "NotesView.swift";
"sourceTree" = "<group>";
};
"0ABD84A278C15987C0524558" = {
"isa" = "PBXBuildFile";
"fileRef" = "80D3ADCA6CB5A3A5F83775FD";
};
"E630E3480A63DBF27BE25CAF" = {
"isa" = "PBXFileReference";
"lastKnownFileType" = "sourcecode.swift";
"path" = "NotificationSettingsView.swift";
"sourceTree" = "<group>";
};
"B4D29255CC73585B50CBFD95" = {
"isa" = "PBXBuildFile";
"fileRef" = "E630E3480A63DBF27BE25CAF";
};
"F1225BA536083C66AC00BEA8" = {
"isa" = "PBXFileReference";
"lastKnownFileType" = "sourcecode.swift";
"path" = "PaymentsModel.swift";
"sourceTree" = "<group>";
};
"957F6C286F09DF94C38147DE" = {
"isa" = "PBXBuildFile";
"fileRef" = "F1225BA536083C66AC00BEA8";
};
"E9739A7E00F2C24E0BE023B5" = {
"isa" = "PBXFileReference";
"lastKnownFileType" = "sourcecode.swift";
"path" = "PaymentsView.swift";
"sourceTree" = "<group>";
};
"ADFEB9893B60995765FF5C1E" = {
"isa" = "PBXBuildFile";
"fileRef" = "E9739A7E00F2C24E0BE023B5";
};
"516FD4F1590EE8CE90B7A2F4" = {
"isa" = "PBXFileReference";
"lastKnownFileType" = "sourcecode.swift";
"path" = "RoostApp.swift";
"sourceTree" = "<group>";
};
"61CCEDC9FF1CCBB02645A963" = {
"isa" = "PBXBuildFile";
"fileRef" = "516FD4F1590EE8CE90B7A2F4";
};
"65E61C2615151D2E67B99A3E" = {
"isa" = "PBXFileReference";
"lastKnownFileType" = "sourcecode.swift";
"path" = "ServerPreferencesView.swift";
"sourceTree" = "<group>";
};
"BCFAAAC2DC9286BA091134F8" = {
"isa" = "PBXBuildFile";
"fileRef" = "65E61C2615151D2E67B99A3E";
};
"75F6F7E3B048A9600581B8A2" = {
"isa" = "PBXFileReference";
"lastKnownFileType" = "sourcecode.swift";
"path" = "SettingsView.swift";
"sourceTree" = "<group>";
};
"E6581B96D32299DE67FE8684" = {
"isa" = "PBXBuildFile";
"fileRef" = "75F6F7E3B048A9600581B8A2";
};
"F99311CCD827AA829E9F9A3B" = {
"isa" = "PBXFileReference";
"lastKnownFileType" = "sourcecode.swift";
"path" = "ThemePickerView.swift";
"sourceTree" = "<group>";
};
"3BB95E18578FBC6A0EEA2753" = {
"isa" = "PBXBuildFile";
"fileRef" = "F99311CCD827AA829E9F9A3B";
};
"17D5F19C312A46CC047A1256" = {
"isa" = "PBXFileReference";
"lastKnownFileType" = "sourcecode.swift";
"path" = "Themes.swift";
"sourceTree" = "<group>";
};
"1BC1D3DE273F827D0B6F9B09" = {
"isa" = "PBXBuildFile";
"fileRef" = "17D5F19C312A46CC047A1256";
};
"CD55783195A8A85FD3D5C22D" = {
"isa" = "PBXFileReference";
"lastKnownFileType" = "sourcecode.swift";
"path" = "TypingIndicator.swift";
"sourceTree" = "<group>";
};
"989423E4F1999148F11DFD08" = {
"isa" = "PBXBuildFile";
"fileRef" = "CD55783195A8A85FD3D5C22D";
};
"3C3C6956B16627A26B644F04" = {
"isa" = "PBXFileReference";
"lastKnownFileType" = "sourcecode.swift";
"path" = "WorkspaceDrafts.swift";
"sourceTree" = "<group>";
};
"3550A3301705C694DF993059" = {
"isa" = "PBXBuildFile";
"fileRef" = "3C3C6956B16627A26B644F04";
};
"F61CC90FCC37C96C2C3BA93D" = {
"isa" = "PBXFileReference";
"lastKnownFileType" = "sourcecode.swift";
"path" = "WorkspaceModels.swift";
"sourceTree" = "<group>";
};
"7EC5BAD8CA18EC72DAA914BD" = {
"isa" = "PBXBuildFile";
"fileRef" = "F61CC90FCC37C96C2C3BA93D";
};
"93D1197B092DA716E0334593" = {
"isa" = "PBXFileReference";
"lastKnownFileType" = "sourcecode.swift";
"path" = "WorkspaceMoreView.swift";
"sourceTree" = "<group>";
};
"7906F750DAF915B5C9E0CAFD" = {
"isa" = "PBXBuildFile";
"fileRef" = "93D1197B092DA716E0334593";
};
"E508B8868FBF173745C1E3B2" = {
"isa" = "PBXFileReference";
"lastKnownFileType" = "text.json";
"path" = "Resources/Characters.json";
"sourceTree" = "<group>";
};
"74430FEEF12D91BE3EE81579" = {
"isa" = "PBXBuildFile";
"fileRef" = "E508B8868FBF173745C1E3B2";
};
"EC13A3ECF0CC68BF5671B0FA" = {
"isa" = "PBXFileReference";
"lastKnownFileType" = "text.json";
"path" = "Resources/Themes.json";
"sourceTree" = "<group>";
};
"228C9B69D1FDDC1FA737004C" = {
"isa" = "PBXBuildFile";
"fileRef" = "EC13A3ECF0CC68BF5671B0FA";
};
"28AAD1477D5182D66D4B03B3" = {
"isa" = "PBXFileReference";
"lastKnownFileType" = "folder.assetcatalog";
"path" = "Resources/Assets.xcassets";
"sourceTree" = "<group>";
};
"A0CA4E1758823471A02FE2F1" = {
"isa" = "PBXBuildFile";
"fileRef" = "28AAD1477D5182D66D4B03B3";
};
"26B2A637F7DC4079D5AB78A5" = {
"isa" = "PBXFileReference";
"lastKnownFileType" = "text.xml";
"path" = "Resources/PrivacyInfo.xcprivacy";
"sourceTree" = "<group>";
};
"24B4C7C0927EC3C4340886F7" = {
"isa" = "PBXBuildFile";
"fileRef" = "26B2A637F7DC4079D5AB78A5";
};
"451CD1FBA6364D0B0F000354" = {
"isa" = "PBXFileReference";
"lastKnownFileType" = "sourcecode.javascript";
"path" = "Resources/DesktopViewer.js";
"sourceTree" = "<group>";
};
"F92F9FCA3FE94525FDF10BD2" = {
"isa" = "PBXBuildFile";
"fileRef" = "451CD1FBA6364D0B0F000354";
};
"6BE1D6D2D9F861960912C4F0" = {
"isa" = "PBXFileReference";
"lastKnownFileType" = "text";
"path" = "Resources/DesktopLicense.txt";
"sourceTree" = "<group>";
};
"11A380E4E06272BE02D29069" = {
"isa" = "PBXBuildFile";
"fileRef" = "6BE1D6D2D9F861960912C4F0";
};
"173E1F5C58314BA823764BAD" = {
"isa" = "PBXGroup";
"children" = ("0242EC8720DFBE5729C325A3","EB2F775C8367B59AF7278F0F","173EB69ACDB2FB58BA79A926","B0E6101AA95AB2A48FD7E4ED","ED5E28484F15778915F59081","6C0E4BDA53D93D68C303E46F","0D6500C16CCA7FDEB4BD8D6C","3D7849101FBA8E37280E9931","B177C180987118DBA3864C5E","C71C43E7438C8304B3F699DE","544C1FF70418A3A29FB0318F","4A0D8E9F36A752BD559F53FB","B262023F039DEB9ED3AAE72F","CB92171FCFC728DB913B1F99","37DE89CDB8957558E1320FB4","2F4DE9FC4FE37616CBB166F9","FF362BB3CB915FB8BD23BB68","ACCB7F67105751C45E3344A1","83C90CA28DCDDB80722A8367","8163FF0F0BA77B47394F7CE4","822CC0B452390E5289AA73CA","87823F0DACE8A5510FEF2571","B0755A8D72889B8480C23DD7","6C05DBF56385767C0646DE92","75338C0019209B7C9CD8B50F","61AA3992CDC9BEE7888B87B2","AD441FE54F866377488E1654","1CE636781E1E81E86D3E06E8","33047EAE7C5092CF19405559","FE880A7738E0CA6B54738BB7","8BA3EA35E4AAF2A680410FAA","65BD8C2BD5B2A3DFF6620CDC","254EED5C0FDFFA04D0B050D4","9F91C844D2CAF82CAD1DDF2B","7A4584C7BD87E7B62B7FE6B0","93CDCCC7E6111433E621A4BD","9B7DB3BC2F6B9F6DABC96EC9","B00C088B43E8E6F1CD022128","80D3ADCA6CB5A3A5F83775FD","E630E3480A63DBF27BE25CAF","F1225BA536083C66AC00BEA8","E9739A7E00F2C24E0BE023B5","516FD4F1590EE8CE90B7A2F4","65E61C2615151D2E67B99A3E","75F6F7E3B048A9600581B8A2","F99311CCD827AA829E9F9A3B","17D5F19C312A46CC047A1256","CD55783195A8A85FD3D5C22D","3C3C6956B16627A26B644F04","F61CC90FCC37C96C2C3BA93D","93D1197B092DA716E0334593","E508B8868FBF173745C1E3B2","EC13A3ECF0CC68BF5671B0FA","28AAD1477D5182D66D4B03B3","26B2A637F7DC4079D5AB78A5","451CD1FBA6364D0B0F000354","6BE1D6D2D9F861960912C4F0");
"path" = "Roost";
"sourceTree" = "<group>";
};
"EC6A54778ACDC409A65084C7" = {
"isa" = "PBXFileReference";
"explicitFileType" = "wrapper.application";
"path" = "Roost.app";
"sourceTree" = "BUILT_PRODUCTS_DIR";
};
"65D7D1444F295648D7E8E935" = {
"isa" = "XCSwiftPackageProductDependency";
"package" = "F104CC17CA1A3756CCC70954";
"productName" = "JuxiSwiftUI";
};
"47DA6D22D73BD3AEF0B4FD2F" = {
"isa" = "PBXBuildFile";
"productRef" = "65D7D1444F295648D7E8E935";
};
"97C0C98ECE67A8F779B7193D" = {
"isa" = "PBXSourcesBuildPhase";
"buildActionMask" = 2147483647;
"files" = ("9CFC176D1E22586F66AA0FCA","4E7CF77CA7387969D6A65CB5","BC6D4BE26972EBAFA4197159","45C4751B1662D2CDD6A29189","2C392A45DA9E0DEA8610057C","58F6F14296ED8C290748C0B7","78F22E3BFD1841BD48301211","4A053046277EC2616E82CB52","858EAC443D50379D91460712","01A59B5FA94A04A8AA2DC395","22607283AC490053FFA48BF4","EE04D082C7CE616AA48483FB","FC3A90BEBA6FD341AC20FDE0","34297B4A5DAD5EC02EA8CF47","4B67679A7C8D8544EFFCB047","CED7D1F857406AF653474AD0","903C95CEBE6DA4219DAE81E0","50D0EBA343DBB24481A84CB7","DE7CF508D02BABE8D28EF1DA","DEC727A487A339EE67920BF4","7CAE264626E72A1C91B7E7DC","A7DF73D10DF3C1908D9E336D","1F2DE2A3BD0D3DD5B676FB5C","F70F6009C81A876DEFC43289","FDC57B3E8AB9BA5F3E76DEB0","46FF2CD9F1BD5EDB68EB357C","7D03324760E7768A6E93D8D4","1BE981DF59176156F75D8C07","5354CAF8B9C686300AC8339F","20858A837557757EA5F62027","5633041011FB5E27DF9BC46D","4F1C33237AFCBD0ADCCFDD56","CCD7EEF0834535CB03DD4AA8","92F93B434B15EFA841DEBB4E","AB68B9F6A75330C25E587E2A","8941A046D38AFF9BFD93971C","1AF86F170BFED2DDB05E6115","0BAE4E29C3BFD0EDF4D203BE","0ABD84A278C15987C0524558","B4D29255CC73585B50CBFD95","957F6C286F09DF94C38147DE","ADFEB9893B60995765FF5C1E","61CCEDC9FF1CCBB02645A963","BCFAAAC2DC9286BA091134F8","E6581B96D32299DE67FE8684","3BB95E18578FBC6A0EEA2753","1BC1D3DE273F827D0B6F9B09","989423E4F1999148F11DFD08","3550A3301705C694DF993059","7EC5BAD8CA18EC72DAA914BD","7906F750DAF915B5C9E0CAFD");
"runOnlyForDeploymentPostprocessing" = 0;
};
"870BDA68F0ED94D0582F3878" = {
"isa" = "PBXFrameworksBuildPhase";
"buildActionMask" = 2147483647;
"files" = ("47DA6D22D73BD3AEF0B4FD2F");
"runOnlyForDeploymentPostprocessing" = 0;
};
"80D7F921B88422E02BD6FBF7" = {
"isa" = "PBXResourcesBuildPhase";
"buildActionMask" = 2147483647;
"files" = ("74430FEEF12D91BE3EE81579","228C9B69D1FDDC1FA737004C","A0CA4E1758823471A02FE2F1","24B4C7C0927EC3C4340886F7","F92F9FCA3FE94525FDF10BD2","11A380E4E06272BE02D29069");
"runOnlyForDeploymentPostprocessing" = 0;
};
"4D664149C5083B0C1C938FC8" = {
"isa" = "XCBuildConfiguration";
"name" = "Debug";
"buildSettings" = {
"PRODUCT_BUNDLE_IDENTIFIER" = "dev.roost.iphone";
"PRODUCT_NAME" = "$(TARGET_NAME)";
"SWIFT_VERSION" = "5.0";
"GENERATE_INFOPLIST_FILE" = "YES";
"CODE_SIGN_STYLE" = "Automatic";
"TARGETED_DEVICE_FAMILY" = "1,2";
"IPHONEOS_DEPLOYMENT_TARGET" = "17.0";
"SUPPORTED_PLATFORMS" = "iphoneos iphonesimulator";
"SDKROOT" = "iphoneos";
"SWIFT_EMIT_LOC_STRINGS" = "YES";
"SWIFT_ACTIVE_COMPILATION_CONDITIONS" = "DEBUG";
"SWIFT_OPTIMIZATION_LEVEL" = "-Onone";
"INFOPLIST_KEY_CFBundleDisplayName" = "Roost";
"INFOPLIST_KEY_UIApplicationSceneManifest_Generation" = "YES";
"INFOPLIST_KEY_UILaunchScreen_Generation" = "YES";
"INFOPLIST_KEY_UISupportedInterfaceOrientations" = "UIInterfaceOrientationPortrait UIInterfaceOrientationPortraitUpsideDown UIInterfaceOrientationLandscapeLeft UIInterfaceOrientationLandscapeRight";
"INFOPLIST_KEY_NSLocalNetworkUsageDescription" = "Connect to your Roost server on your local network.";
"INFOPLIST_KEY_NSAppTransportSecurity_NSAllowsLocalNetworking" = "YES";
"ASSETCATALOG_COMPILER_APPICON_NAME" = "AppIcon";
"MARKETING_VERSION" = "0.1.0";
"CURRENT_PROJECT_VERSION" = "1";
};
};
"4EB5B63C0791E46697235B1C" = {
"isa" = "XCBuildConfiguration";
"name" = "Release";
"buildSettings" = {
"PRODUCT_BUNDLE_IDENTIFIER" = "dev.roost.iphone";
"PRODUCT_NAME" = "$(TARGET_NAME)";
"SWIFT_VERSION" = "5.0";
"GENERATE_INFOPLIST_FILE" = "YES";
"CODE_SIGN_STYLE" = "Automatic";
"TARGETED_DEVICE_FAMILY" = "1,2";
"IPHONEOS_DEPLOYMENT_TARGET" = "17.0";
"SUPPORTED_PLATFORMS" = "iphoneos iphonesimulator";
"SDKROOT" = "iphoneos";
"SWIFT_EMIT_LOC_STRINGS" = "YES";
"SWIFT_ACTIVE_COMPILATION_CONDITIONS" = "";
"SWIFT_OPTIMIZATION_LEVEL" = "-O";
"INFOPLIST_KEY_CFBundleDisplayName" = "Roost";
"INFOPLIST_KEY_UIApplicationSceneManifest_Generation" = "YES";
"INFOPLIST_KEY_UILaunchScreen_Generation" = "YES";
"INFOPLIST_KEY_UISupportedInterfaceOrientations" = "UIInterfaceOrientationPortrait UIInterfaceOrientationPortraitUpsideDown UIInterfaceOrientationLandscapeLeft UIInterfaceOrientationLandscapeRight";
"INFOPLIST_KEY_NSLocalNetworkUsageDescription" = "Connect to your Roost server on your local network.";
"INFOPLIST_KEY_NSAppTransportSecurity_NSAllowsLocalNetworking" = "YES";
"ASSETCATALOG_COMPILER_APPICON_NAME" = "AppIcon";
"MARKETING_VERSION" = "0.1.0";
"CURRENT_PROJECT_VERSION" = "1";
};
};
"8CF0DBA49B2C221872D7A130" = {
"isa" = "XCConfigurationList";
"buildConfigurations" = ("4D664149C5083B0C1C938FC8","4EB5B63C0791E46697235B1C");
"defaultConfigurationIsVisible" = 0;
"defaultConfigurationName" = "Release";
};
"0D5A09E002317DF11258A9DC" = {
"isa" = "PBXNativeTarget";
"buildConfigurationList" = "8CF0DBA49B2C221872D7A130";
"buildPhases" = ("97C0C98ECE67A8F779B7193D","870BDA68F0ED94D0582F3878","80D7F921B88422E02BD6FBF7");
"buildRules" = ();
"dependencies" = ();
"packageProductDependencies" = ("65D7D1444F295648D7E8E935");
"name" = "Roost";
"productName" = "Roost";
"productReference" = "EC6A54778ACDC409A65084C7";
"productType" = "com.apple.product-type.application";
};
"7C48A73CAD1EE237B8F098A6" = {
"isa" = "PBXFileReference";
"lastKnownFileType" = "sourcecode.swift";
"path" = "AgentManagementTests.swift";
"sourceTree" = "<group>";
};
"D618732FCF8CFC4ACD4EF460" = {
"isa" = "PBXBuildFile";
"fileRef" = "7C48A73CAD1EE237B8F098A6";
};
"BC2AE300017CCF7AA66D85FF" = {
"isa" = "PBXFileReference";
"lastKnownFileType" = "sourcecode.swift";
"path" = "AppNotificationsTests.swift";
"sourceTree" = "<group>";
};
"5F9098E7BE1AE8AA43701FDE" = {
"isa" = "PBXBuildFile";
"fileRef" = "BC2AE300017CCF7AA66D85FF";
};
"CE79D19830FBFE745B00CE35" = {
"isa" = "PBXFileReference";
"lastKnownFileType" = "sourcecode.swift";
"path" = "AutomationsTests.swift";
"sourceTree" = "<group>";
};
"097CBE79918F82485BE7BCB7" = {
"isa" = "PBXBuildFile";
"fileRef" = "CE79D19830FBFE745B00CE35";
};
"67653C8616E0C92C2B39909E" = {
"isa" = "PBXFileReference";
"lastKnownFileType" = "sourcecode.swift";
"path" = "ChatDashboardTests.swift";
"sourceTree" = "<group>";
};
"1D26A0F399645C1EE7349FC5" = {
"isa" = "PBXBuildFile";
"fileRef" = "67653C8616E0C92C2B39909E";
};
"E5F9118B3F658D14197C1938" = {
"isa" = "PBXFileReference";
"lastKnownFileType" = "sourcecode.swift";
"path" = "CodexConnectionTests.swift";
"sourceTree" = "<group>";
};
"5205368BEF9F1D2A81A17D94" = {
"isa" = "PBXBuildFile";
"fileRef" = "E5F9118B3F658D14197C1938";
};
"944FC1575734AA288482B375" = {
"isa" = "PBXFileReference";
"lastKnownFileType" = "sourcecode.swift";
"path" = "CodingHandoffTests.swift";
"sourceTree" = "<group>";
};
"D47A2D5992E0302F068E4948" = {
"isa" = "PBXBuildFile";
"fileRef" = "944FC1575734AA288482B375";
};
"4F8BB86CEFB181DB247A9554" = {
"isa" = "PBXFileReference";
"lastKnownFileType" = "sourcecode.swift";
"path" = "ConversationQualityTests.swift";
"sourceTree" = "<group>";
};
"01BB4495C7A68628946B640C" = {
"isa" = "PBXBuildFile";
"fileRef" = "4F8BB86CEFB181DB247A9554";
};
"651CAEB515E19CB55B3A1516" = {
"isa" = "PBXFileReference";
"lastKnownFileType" = "sourcecode.swift";
"path" = "ConversationRecoveryTests.swift";
"sourceTree" = "<group>";
};
"051B7E934F17E55E9D28FA18" = {
"isa" = "PBXBuildFile";
"fileRef" = "651CAEB515E19CB55B3A1516";
};
"8D9CFFF59056353121E7EA71" = {
"isa" = "PBXFileReference";
"lastKnownFileType" = "sourcecode.swift";
"path" = "DashboardTrackerTests.swift";
"sourceTree" = "<group>";
};
"AC34FBBB3E7141D1F5A08E23" = {
"isa" = "PBXBuildFile";
"fileRef" = "8D9CFFF59056353121E7EA71";
};
"E4F10FF7B59F38D3FB7F7293" = {
"isa" = "PBXFileReference";
"lastKnownFileType" = "sourcecode.swift";
"path" = "FeedTests.swift";
"sourceTree" = "<group>";
};
"16A975430EF5242051A0C753" = {
"isa" = "PBXBuildFile";
"fileRef" = "E4F10FF7B59F38D3FB7F7293";
};
"218133F650BA0E8B704C72E5" = {
"isa" = "PBXFileReference";
"lastKnownFileType" = "sourcecode.swift";
"path" = "ImageCacheTests.swift";
"sourceTree" = "<group>";
};
"3126E69C2B9ED0F6D3A9D42C" = {
"isa" = "PBXBuildFile";
"fileRef" = "218133F650BA0E8B704C72E5";
};
"ADDB4A44199DB738A9924F44" = {
"isa" = "PBXFileReference";
"lastKnownFileType" = "sourcecode.swift";
"path" = "JuxiDashboardTests.swift";
"sourceTree" = "<group>";
};
"7E7D22676215D19D724B9A8E" = {
"isa" = "PBXBuildFile";
"fileRef" = "ADDB4A44199DB738A9924F44";
};
"5C26D23282A155B8CA1ECC8A" = {
"isa" = "PBXFileReference";
"lastKnownFileType" = "sourcecode.swift";
"path" = "NoteDocumentTests.swift";
"sourceTree" = "<group>";
};
"267B830C7AD8958F7251B678" = {
"isa" = "PBXBuildFile";
"fileRef" = "5C26D23282A155B8CA1ECC8A";
};
"DA2EB39C2CF3581C78A82B5D" = {
"isa" = "PBXFileReference";
"lastKnownFileType" = "sourcecode.swift";
"path" = "PaymentsTests.swift";
"sourceTree" = "<group>";
};
"A1403CE50AB0326C469B7AC9" = {
"isa" = "PBXBuildFile";
"fileRef" = "DA2EB39C2CF3581C78A82B5D";
};
"1D061712C637078F38296ADF" = {
"isa" = "PBXFileReference";
"lastKnownFileType" = "sourcecode.swift";
"path" = "RoostTests.swift";
"sourceTree" = "<group>";
};
"39DAD12DA492F88139788906" = {
"isa" = "PBXBuildFile";
"fileRef" = "1D061712C637078F38296ADF";
};
"27276BACCC52C49158510513" = {
"isa" = "PBXFileReference";
"lastKnownFileType" = "sourcecode.swift";
"path" = "SessionIsolationTests.swift";
"sourceTree" = "<group>";
};
"8C1E9023E280936255610512" = {
"isa" = "PBXBuildFile";
"fileRef" = "27276BACCC52C49158510513";
};
"5785673363FE1AAB8620BAB2" = {
"isa" = "PBXFileReference";
"lastKnownFileType" = "sourcecode.swift";
"path" = "WeatherTests.swift";
"sourceTree" = "<group>";
};
"A19A48265A97A1C8270E9FCB" = {
"isa" = "PBXBuildFile";
"fileRef" = "5785673363FE1AAB8620BAB2";
};
"EDB9F945D12D7047650EFAFF" = {
"isa" = "PBXGroup";
"children" = ("7C48A73CAD1EE237B8F098A6","BC2AE300017CCF7AA66D85FF","CE79D19830FBFE745B00CE35","67653C8616E0C92C2B39909E","E5F9118B3F658D14197C1938","944FC1575734AA288482B375","4F8BB86CEFB181DB247A9554","651CAEB515E19CB55B3A1516","8D9CFFF59056353121E7EA71","E4F10FF7B59F38D3FB7F7293","218133F650BA0E8B704C72E5","ADDB4A44199DB738A9924F44","5C26D23282A155B8CA1ECC8A","DA2EB39C2CF3581C78A82B5D","1D061712C637078F38296ADF","27276BACCC52C49158510513","5785673363FE1AAB8620BAB2");
"path" = "RoostTests";
"sourceTree" = "<group>";
};
"3A42FBAEFA0E722DD97BFF3B" = {
"isa" = "PBXFileReference";
"explicitFileType" = "wrapper.cfbundle";
"path" = "RoostTests.xctest";
"sourceTree" = "BUILT_PRODUCTS_DIR";
};
"1288823205064E3D590B7B4B" = {
"isa" = "XCSwiftPackageProductDependency";
"package" = "F104CC17CA1A3756CCC70954";
"productName" = "JuxiSwiftUI";
};
"C08EDD2A09FE70C7D8B09618" = {
"isa" = "PBXBuildFile";
"productRef" = "1288823205064E3D590B7B4B";
};
"BCA347525BD50273DA2CE6F5" = {
"isa" = "PBXSourcesBuildPhase";
"buildActionMask" = 2147483647;
"files" = ("D618732FCF8CFC4ACD4EF460","5F9098E7BE1AE8AA43701FDE","097CBE79918F82485BE7BCB7","1D26A0F399645C1EE7349FC5","5205368BEF9F1D2A81A17D94","D47A2D5992E0302F068E4948","01BB4495C7A68628946B640C","051B7E934F17E55E9D28FA18","AC34FBBB3E7141D1F5A08E23","16A975430EF5242051A0C753","3126E69C2B9ED0F6D3A9D42C","7E7D22676215D19D724B9A8E","267B830C7AD8958F7251B678","A1403CE50AB0326C469B7AC9","39DAD12DA492F88139788906","8C1E9023E280936255610512","A19A48265A97A1C8270E9FCB");
"runOnlyForDeploymentPostprocessing" = 0;
};
"E2591D9AC0037322585CFCAE" = {
"isa" = "PBXFrameworksBuildPhase";
"buildActionMask" = 2147483647;
"files" = ("C08EDD2A09FE70C7D8B09618");
"runOnlyForDeploymentPostprocessing" = 0;
};
"022B1E8191B94779DEC5E275" = {
"isa" = "PBXResourcesBuildPhase";
"buildActionMask" = 2147483647;
"files" = ();
"runOnlyForDeploymentPostprocessing" = 0;
};
"6396942725D0B6884D8E469E" = {
"isa" = "XCBuildConfiguration";
"name" = "Debug";
"buildSettings" = {
"PRODUCT_BUNDLE_IDENTIFIER" = "dev.roost.iphone.RoostTests";
"PRODUCT_NAME" = "$(TARGET_NAME)";
"SWIFT_VERSION" = "5.0";
"GENERATE_INFOPLIST_FILE" = "YES";
"CODE_SIGN_STYLE" = "Automatic";
"TARGETED_DEVICE_FAMILY" = "1,2";
"IPHONEOS_DEPLOYMENT_TARGET" = "17.0";
"SUPPORTED_PLATFORMS" = "iphoneos iphonesimulator";
"SDKROOT" = "iphoneos";
"SWIFT_EMIT_LOC_STRINGS" = "YES";
"SWIFT_ACTIVE_COMPILATION_CONDITIONS" = "DEBUG";
"SWIFT_OPTIMIZATION_LEVEL" = "-Onone";
"TEST_HOST" = "$(BUILT_PRODUCTS_DIR)/Roost.app/$(BUNDLE_EXECUTABLE_FOLDER_PATH)/Roost";
"BUNDLE_LOADER" = "$(TEST_HOST)";
};
};
"3EBB034176B252F1E5AA6189" = {
"isa" = "XCBuildConfiguration";
"name" = "Release";
"buildSettings" = {
"PRODUCT_BUNDLE_IDENTIFIER" = "dev.roost.iphone.RoostTests";
"PRODUCT_NAME" = "$(TARGET_NAME)";
"SWIFT_VERSION" = "5.0";
"GENERATE_INFOPLIST_FILE" = "YES";
"CODE_SIGN_STYLE" = "Automatic";
"TARGETED_DEVICE_FAMILY" = "1,2";
"IPHONEOS_DEPLOYMENT_TARGET" = "17.0";
"SUPPORTED_PLATFORMS" = "iphoneos iphonesimulator";
"SDKROOT" = "iphoneos";
"SWIFT_EMIT_LOC_STRINGS" = "YES";
"SWIFT_ACTIVE_COMPILATION_CONDITIONS" = "";
"SWIFT_OPTIMIZATION_LEVEL" = "-O";
"TEST_HOST" = "$(BUILT_PRODUCTS_DIR)/Roost.app/$(BUNDLE_EXECUTABLE_FOLDER_PATH)/Roost";
"BUNDLE_LOADER" = "$(TEST_HOST)";
};
};
"124D947B2FE986A113D4E787" = {
"isa" = "XCConfigurationList";
"buildConfigurations" = ("6396942725D0B6884D8E469E","3EBB034176B252F1E5AA6189");
"defaultConfigurationIsVisible" = 0;
"defaultConfigurationName" = "Release";
};
"09930A7ACC6AFF606F5D6FD2" = {
"isa" = "PBXContainerItemProxy";
"containerPortal" = "98F54143AB4E86B28C3AFEE0";
"proxyType" = 1;
"remoteGlobalIDString" = "0D5A09E002317DF11258A9DC";
"remoteInfo" = "Roost";
};
"8D4B698A60BAAF989EE7FD15" = {
"isa" = "PBXTargetDependency";
"target" = "0D5A09E002317DF11258A9DC";
"targetProxy" = "09930A7ACC6AFF606F5D6FD2";
};
"588C6512AD2F805E5389B9B3" = {
"isa" = "PBXNativeTarget";
"buildConfigurationList" = "124D947B2FE986A113D4E787";
"buildPhases" = ("BCA347525BD50273DA2CE6F5","E2591D9AC0037322585CFCAE","022B1E8191B94779DEC5E275");
"buildRules" = ();
"dependencies" = ("8D4B698A60BAAF989EE7FD15");
"packageProductDependencies" = ("1288823205064E3D590B7B4B");
"name" = "RoostTests";
"productName" = "RoostTests";
"productReference" = "3A42FBAEFA0E722DD97BFF3B";
"productType" = "com.apple.product-type.bundle.unit-test";
};
"CE1D74C93B9D4FF8775854DD" = {
"isa" = "PBXFileReference";
"lastKnownFileType" = "sourcecode.swift";
"path" = "AgentManagementUITests.swift";
"sourceTree" = "<group>";
};
"1B6746100B5496C59C5A5CB6" = {
"isa" = "PBXBuildFile";
"fileRef" = "CE1D74C93B9D4FF8775854DD";
};
"50C0E8D47E2404B7D22D0EC3" = {
"isa" = "PBXFileReference";
"lastKnownFileType" = "sourcecode.swift";
"path" = "AutomationsUITests.swift";
"sourceTree" = "<group>";
};
"755ED2E35013A8FAB501FA7C" = {
"isa" = "PBXBuildFile";
"fileRef" = "50C0E8D47E2404B7D22D0EC3";
};
"4E9DDFC693DD9DC96EE5AD4C" = {
"isa" = "PBXFileReference";
"lastKnownFileType" = "sourcecode.swift";
"path" = "ChatTrackerUITests.swift";
"sourceTree" = "<group>";
};
"DDA57E325D6A6CD2A386D6DB" = {
"isa" = "PBXBuildFile";
"fileRef" = "4E9DDFC693DD9DC96EE5AD4C";
};
"66EC8597E35B9863310B9B68" = {
"isa" = "PBXFileReference";
"lastKnownFileType" = "sourcecode.swift";
"path" = "CodexConnectionUITests.swift";
"sourceTree" = "<group>";
};
"9291390B500327AEF2F3419E" = {
"isa" = "PBXBuildFile";
"fileRef" = "66EC8597E35B9863310B9B68";
};
"8914DEF9CA46B13F251FCCC2" = {
"isa" = "PBXFileReference";
"lastKnownFileType" = "sourcecode.swift";
"path" = "CodingSettingsUITests.swift";
"sourceTree" = "<group>";
};
"663556C6B472CEAEF1D1E21D" = {
"isa" = "PBXBuildFile";
"fileRef" = "8914DEF9CA46B13F251FCCC2";
};
"56204D1244729419B837C67F" = {
"isa" = "PBXFileReference";
"lastKnownFileType" = "sourcecode.swift";
"path" = "ComputerUITests.swift";
"sourceTree" = "<group>";
};
"2F06F2DBF1392A85D9CF5443" = {
"isa" = "PBXBuildFile";
"fileRef" = "56204D1244729419B837C67F";
};
"CBFA5FD7F40161B25AAAA0D0" = {
"isa" = "PBXFileReference";
"lastKnownFileType" = "sourcecode.swift";
"path" = "FeedUITests.swift";
"sourceTree" = "<group>";
};
"1159E9BBAF8D1282C54727BA" = {
"isa" = "PBXBuildFile";
"fileRef" = "CBFA5FD7F40161B25AAAA0D0";
};
"A4C351531938FD3D939B7220" = {
"isa" = "PBXFileReference";
"lastKnownFileType" = "sourcecode.swift";
"path" = "ImageAttachmentUITests.swift";
"sourceTree" = "<group>";
};
"0FE2F2062CB2E83149602DC9" = {
"isa" = "PBXBuildFile";
"fileRef" = "A4C351531938FD3D939B7220";
};
"E8032EDC044FABD16EF25FB9" = {
"isa" = "PBXFileReference";
"lastKnownFileType" = "sourcecode.swift";
"path" = "NotificationsUITests.swift";
"sourceTree" = "<group>";
};
"A07F005041424683DD3F3CC6" = {
"isa" = "PBXBuildFile";
"fileRef" = "E8032EDC044FABD16EF25FB9";
};
"290CEF24B9FCC5BD30BFE349" = {
"isa" = "PBXFileReference";
"lastKnownFileType" = "sourcecode.swift";
"path" = "PaymentsUITests.swift";
"sourceTree" = "<group>";
};
"E6E07FAB96137413F87BABCE" = {
"isa" = "PBXBuildFile";
"fileRef" = "290CEF24B9FCC5BD30BFE349";
};
"B5316A6036C5E5D25449BB1E" = {
"isa" = "PBXFileReference";
"lastKnownFileType" = "sourcecode.swift";
"path" = "RoostUITests.swift";
"sourceTree" = "<group>";
};
"A84093EB53E05A35F04410B0" = {
"isa" = "PBXBuildFile";
"fileRef" = "B5316A6036C5E5D25449BB1E";
};
"8B7ACC785C72FE4C5D0E505D" = {
"isa" = "PBXFileReference";
"lastKnownFileType" = "sourcecode.swift";
"path" = "ServerPreferencesUITests.swift";
"sourceTree" = "<group>";
};
"66C8043BF7878B559FE4E499" = {
"isa" = "PBXBuildFile";
"fileRef" = "8B7ACC785C72FE4C5D0E505D";
};
"100CEE8A60765FBAD8C2D7FB" = {
"isa" = "PBXFileReference";
"lastKnownFileType" = "sourcecode.swift";
"path" = "TrackerUITests.swift";
"sourceTree" = "<group>";
};
"67FDCE465A4D41DADB7EDCB2" = {
"isa" = "PBXBuildFile";
"fileRef" = "100CEE8A60765FBAD8C2D7FB";
};
"2DEE6D09E38F2F2DB908528B" = {
"isa" = "PBXFileReference";
"lastKnownFileType" = "sourcecode.swift";
"path" = "WeatherUITests.swift";
"sourceTree" = "<group>";
};
"6E29D6F713131D30E4646439" = {
"isa" = "PBXBuildFile";
"fileRef" = "2DEE6D09E38F2F2DB908528B";
};
"82E975D0CB8CDF79F868AE4B" = {
"isa" = "PBXFileReference";
"lastKnownFileType" = "sourcecode.swift";
"path" = "WorkspaceUITests.swift";
"sourceTree" = "<group>";
};
"32601782F098A3121DFB46BB" = {
"isa" = "PBXBuildFile";
"fileRef" = "82E975D0CB8CDF79F868AE4B";
};
"96F51F35671ED8E023D9C615" = {
"isa" = "PBXGroup";
"children" = ("CE1D74C93B9D4FF8775854DD","50C0E8D47E2404B7D22D0EC3","4E9DDFC693DD9DC96EE5AD4C","66EC8597E35B9863310B9B68","8914DEF9CA46B13F251FCCC2","56204D1244729419B837C67F","CBFA5FD7F40161B25AAAA0D0","A4C351531938FD3D939B7220","E8032EDC044FABD16EF25FB9","290CEF24B9FCC5BD30BFE349","B5316A6036C5E5D25449BB1E","8B7ACC785C72FE4C5D0E505D","100CEE8A60765FBAD8C2D7FB","2DEE6D09E38F2F2DB908528B","82E975D0CB8CDF79F868AE4B");
"path" = "RoostUITests";
"sourceTree" = "<group>";
};
"FF6D60A36F5FE500DC547950" = {
"isa" = "PBXFileReference";
"explicitFileType" = "wrapper.cfbundle";
"path" = "RoostUITests.xctest";
"sourceTree" = "BUILT_PRODUCTS_DIR";
};
"80AF6648111062ABC67A5F8E" = {
"isa" = "PBXSourcesBuildPhase";
"buildActionMask" = 2147483647;
"files" = ("1B6746100B5496C59C5A5CB6","755ED2E35013A8FAB501FA7C","DDA57E325D6A6CD2A386D6DB","9291390B500327AEF2F3419E","663556C6B472CEAEF1D1E21D","2F06F2DBF1392A85D9CF5443","1159E9BBAF8D1282C54727BA","0FE2F2062CB2E83149602DC9","A07F005041424683DD3F3CC6","E6E07FAB96137413F87BABCE","A84093EB53E05A35F04410B0","66C8043BF7878B559FE4E499","67FDCE465A4D41DADB7EDCB2","6E29D6F713131D30E4646439","32601782F098A3121DFB46BB");
"runOnlyForDeploymentPostprocessing" = 0;
};
"8D7D18CBA3753202B9AD8B88" = {
"isa" = "PBXFrameworksBuildPhase";
"buildActionMask" = 2147483647;
"files" = ();
"runOnlyForDeploymentPostprocessing" = 0;
};
"1873025E455196A65CA63F40" = {
"isa" = "PBXResourcesBuildPhase";
"buildActionMask" = 2147483647;
"files" = ();
"runOnlyForDeploymentPostprocessing" = 0;
};
"52A07991C588130D872F7C85" = {
"isa" = "XCBuildConfiguration";
"name" = "Debug";
"buildSettings" = {
"PRODUCT_BUNDLE_IDENTIFIER" = "dev.roost.iphone.RoostUITests";
"PRODUCT_NAME" = "$(TARGET_NAME)";
"SWIFT_VERSION" = "5.0";
"GENERATE_INFOPLIST_FILE" = "YES";
"CODE_SIGN_STYLE" = "Automatic";
"TARGETED_DEVICE_FAMILY" = "1,2";
"IPHONEOS_DEPLOYMENT_TARGET" = "17.0";
"SUPPORTED_PLATFORMS" = "iphoneos iphonesimulator";
"SDKROOT" = "iphoneos";
"SWIFT_EMIT_LOC_STRINGS" = "YES";
"SWIFT_ACTIVE_COMPILATION_CONDITIONS" = "DEBUG";
"SWIFT_OPTIMIZATION_LEVEL" = "-Onone";
"TEST_TARGET_NAME" = "Roost";
};
};
"262CD4ABBD7D5A11E830FE76" = {
"isa" = "XCBuildConfiguration";
"name" = "Release";
"buildSettings" = {
"PRODUCT_BUNDLE_IDENTIFIER" = "dev.roost.iphone.RoostUITests";
"PRODUCT_NAME" = "$(TARGET_NAME)";
"SWIFT_VERSION" = "5.0";
"GENERATE_INFOPLIST_FILE" = "YES";
"CODE_SIGN_STYLE" = "Automatic";
"TARGETED_DEVICE_FAMILY" = "1,2";
"IPHONEOS_DEPLOYMENT_TARGET" = "17.0";
"SUPPORTED_PLATFORMS" = "iphoneos iphonesimulator";
"SDKROOT" = "iphoneos";
"SWIFT_EMIT_LOC_STRINGS" = "YES";
"SWIFT_ACTIVE_COMPILATION_CONDITIONS" = "";
"SWIFT_OPTIMIZATION_LEVEL" = "-O";
"TEST_TARGET_NAME" = "Roost";
};
};
"5C22F21FD7CABF5AF87A4799" = {
"isa" = "XCConfigurationList";
"buildConfigurations" = ("52A07991C588130D872F7C85","262CD4ABBD7D5A11E830FE76");
"defaultConfigurationIsVisible" = 0;
"defaultConfigurationName" = "Release";
};
"954F6CC7E58673CAF6BD07CB" = {
"isa" = "PBXContainerItemProxy";
"containerPortal" = "98F54143AB4E86B28C3AFEE0";
"proxyType" = 1;
"remoteGlobalIDString" = "0D5A09E002317DF11258A9DC";
"remoteInfo" = "Roost";
};
"9E00EF3A3B0D1F902DFA7774" = {
"isa" = "PBXTargetDependency";
"target" = "0D5A09E002317DF11258A9DC";
"targetProxy" = "954F6CC7E58673CAF6BD07CB";
};
"A153A71A4243C2E6E7CDE418" = {
"isa" = "PBXNativeTarget";
"buildConfigurationList" = "5C22F21FD7CABF5AF87A4799";
"buildPhases" = ("80AF6648111062ABC67A5F8E","8D7D18CBA3753202B9AD8B88","1873025E455196A65CA63F40");
"buildRules" = ();
"dependencies" = ("9E00EF3A3B0D1F902DFA7774");
"packageProductDependencies" = ();
"name" = "RoostUITests";
"productName" = "RoostUITests";
"productReference" = "FF6D60A36F5FE500DC547950";
"productType" = "com.apple.product-type.bundle.ui-testing";
};
"FBDC4F23F93125BBEEAE800C" = {
"isa" = "PBXGroup";
"children" = ("EC6A54778ACDC409A65084C7","3A42FBAEFA0E722DD97BFF3B","FF6D60A36F5FE500DC547950");
"name" = "Products";
"sourceTree" = "<group>";
};
"B28B7AF69320201D1CF206EB" = {
"isa" = "PBXGroup";
"children" = ("173E1F5C58314BA823764BAD","EDB9F945D12D7047650EFAFF","96F51F35671ED8E023D9C615","FBDC4F23F93125BBEEAE800C");
"sourceTree" = "<group>";
};
"89E1FD6268CC0F221A2BE178" = {
"isa" = "XCBuildConfiguration";
"name" = "Debug";
"buildSettings" = {
"CLANG_ENABLE_MODULES" = "YES";
"SWIFT_VERSION" = "5.0";
"IPHONEOS_DEPLOYMENT_TARGET" = "17.0";
"SDKROOT" = "iphoneos";
"ENABLE_TESTABILITY" = "YES";
"ONLY_ACTIVE_ARCH" = "YES";
"DEBUG_INFORMATION_FORMAT" = "dwarf";
"GCC_PREPROCESSOR_DEFINITIONS" = ("$(inherited)","DEBUG=1");
};
};
"E6DE6C99132752C914FEF632" = {
"isa" = "XCBuildConfiguration";
"name" = "Release";
"buildSettings" = {
"CLANG_ENABLE_MODULES" = "YES";
"SWIFT_VERSION" = "5.0";
"IPHONEOS_DEPLOYMENT_TARGET" = "17.0";
"SDKROOT" = "iphoneos";
"ENABLE_TESTABILITY" = "NO";
"ONLY_ACTIVE_ARCH" = "NO";
"DEBUG_INFORMATION_FORMAT" = "dwarf";
"GCC_PREPROCESSOR_DEFINITIONS" = ("$(inherited)");
};
};
"862894B703A6DEDF96A9DD6C" = {
"isa" = "XCConfigurationList";
"buildConfigurations" = ("89E1FD6268CC0F221A2BE178","E6DE6C99132752C914FEF632");
"defaultConfigurationIsVisible" = 0;
"defaultConfigurationName" = "Release";
};
"98F54143AB4E86B28C3AFEE0" = {
"isa" = "PBXProject";
"attributes" = {
"LastUpgradeCheck" = "1640";
};
"buildConfigurationList" = "862894B703A6DEDF96A9DD6C";
"compatibilityVersion" = "Xcode 14.0";
"developmentRegion" = "en";
"hasScannedForEncodings" = 0;
"knownRegions" = ("en","Base");
"mainGroup" = "B28B7AF69320201D1CF206EB";
"productRefGroup" = "FBDC4F23F93125BBEEAE800C";
"projectDirPath" = "";
"projectRoot" = "";
"packageReferences" = ("F104CC17CA1A3756CCC70954");
"targets" = ("0D5A09E002317DF11258A9DC","588C6512AD2F805E5389B9B3","A153A71A4243C2E6E7CDE418");
};
};
"rootObject" = "98F54143AB4E86B28C3AFEE0";
}
